
Microsoft Visual Studio Solution File, Format Version 12.00
# Visual Studio Version 17
VisualStudioVersion = 17.3.32825.248
MinimumVisualStudioVersion = 10.0.40219.1
Project("{FAE04EC0-301F-11D3-BF4B-00C04F79EFBC}") = "MusicAppLibrary", "MusicAppLibrary.csproj", "{3AA42EC7-6D40-4735-B6ED-1EA7F5D47007}"
EndProject
Project("{FAE04EC0-301F-11D3-BF4B-00C04F79EFBC}") = "MusicApp", "..\MusicApp\MusicApp.csproj", "{D66C23E4-B21D-4D21-93F7-3D31210E8576}"
EndProject
Global
	GlobalSection(SolutionConfigurationPlatforms) = preSolution
		Debug|Any CPU = Debug|Any CPU
		Release|Any CPU = Release|Any CPU
	EndGlobalSection
	GlobalSection(ProjectConfigurationPlatforms) = postSolution
		{3AA42EC7-6D40-4735-B6ED-1EA7F5D47007}.Debug|Any CPU.ActiveCfg = Debug|Any CPU
		{3AA42EC7-6D40-4735-B6ED-1EA7F5D47007}.Debug|Any CPU.Build.0 = Debug|Any CPU
		{3AA42EC7-6D40-4735-B6ED-1EA7F5D47007}.Release|Any CPU.ActiveCfg = Release|Any CPU
		{3AA42EC7-6D40-4735-B6ED-1EA7F5D47007}.Release|Any CPU.Build.0 = Release|Any CPU
		{D66C23E4-B21D-4D21-93F7-3D31210E8576}.Debug|Any CPU.ActiveCfg = Debug|Any CPU
		{D66C23E4-B21D-4D21-93F7-3D31210E8576}.Debug|Any CPU.Build.0 = Debug|Any CPU
		{D66C23E4-B21D-4D21-93F7-3D31210E8576}.Release|Any CPU.ActiveCfg = Release|Any CPU
		{D66C23E4-B21D-4D21-93F7-3D31210E8576}.Release|Any CPU.Build.0 = Release|Any CPU
	EndGlobalSection
	GlobalSection(SolutionProperties) = preSolution
		HideSolutionNode = FALSE
	EndGlobalSection
	GlobalSection(ExtensibilityGlobals) = postSolution
		SolutionGuid = {83FE38FB-19A1-4F57-A188-A9908B9E0260}
	EndGlobalSection
EndGlobal
